
Microsoft Visual Studio Solution File, Format Version 12.00
#
Project("{FAE04EC0-301F-11D3-BF4B-00C04F79EFBC}") = "Launcher", "Launcher\Launcher.csproj", "{62ADAA8C-C53E-4392-8B61-75A9A8AA8D90}"
	ProjectSection(ProjectDependencies) = postProject
		{50E33D4D-773E-4A70-8BD2-AC2436873C5A} = {50E33D4D-773E-4A70-8BD2-AC2436873C5A}
	EndProjectSection
EndProject
Project("{FAE04EC0-301F-11D3-BF4B-00C04F79EFBC}") = "Puppeteer", "Puppeteer\Puppeteer.csproj", "{50E33D4D-773E-4A70-8BD2-AC2436873C5A}"
	ProjectSection(ProjectDependencies) = postProject
		{274201D6-7529-4420-80FC-D51ADEBA78A7} = {274201D6-7529-4420-80FC-D51ADEBA78A7}
	EndProjectSection
EndProject
Project("{FAE04EC0-301F-11D3-BF4B-00C04F79EFBC}") = "ResoPuppetSchema", "ResoPuppetSchema\ResoPuppetSchema.csproj", "{274201D6-7529-4420-80FC-D51ADEBA78A7}"
EndProject
Project("{FAE04EC0-301F-11D3-BF4B-00C04F79EFBC}") = "PuppeteerTests", "PuppeteerTests\PuppeteerTests.csproj", "{51585450-9766-4B7C-8D81-9AA9E50FCC47}"
EndProject
Project("{FAE04EC0-301F-11D3-BF4B-00C04F79EFBC}") = "PuppeteerCommon", "PuppeteerCommon\PuppeteerCommon.csproj", "{5C28B014-9AFE-4446-AD2E-5F8EC7D5347D}"
EndProject
Project("{FAE04EC0-301F-11D3-BF4B-00C04F79EFBC}") = "MA.Gadgets", "MA.Gadgets\MA.Gadgets.csproj", "{24BA76D2-C455-4C05-9644-BBAEEE089414}"
EndProject
Project("{FAE04EC0-301F-11D3-BF4B-00C04F79EFBC}") = "MA.EngineInterface", "MA.EngineInterface\MA.EngineInterface.csproj", "{2C9209AC-66EB-4476-9A2D-8D2A2A497A1F}"
EndProject
Global
	GlobalSection(SolutionConfigurationPlatforms) = preSolution
		Debug|Any CPU = Debug|Any CPU
		Release|Any CPU = Release|Any CPU
	EndGlobalSection
	GlobalSection(ProjectConfigurationPlatforms) = postSolution
		{62ADAA8C-C53E-4392-8B61-75A9A8AA8D90}.Debug|Any CPU.ActiveCfg = Debug|Any CPU
		{62ADAA8C-C53E-4392-8B61-75A9A8AA8D90}.Debug|Any CPU.Build.0 = Debug|Any CPU
		{62ADAA8C-C53E-4392-8B61-75A9A8AA8D90}.Release|Any CPU.ActiveCfg = Release|Any CPU
		{62ADAA8C-C53E-4392-8B61-75A9A8AA8D90}.Release|Any CPU.Build.0 = Release|Any CPU
		{50E33D4D-773E-4A70-8BD2-AC2436873C5A}.Debug|Any CPU.ActiveCfg = Debug|Any CPU
		{50E33D4D-773E-4A70-8BD2-AC2436873C5A}.Debug|Any CPU.Build.0 = Debug|Any CPU
		{50E33D4D-773E-4A70-8BD2-AC2436873C5A}.Release|Any CPU.ActiveCfg = Release|Any CPU
		{50E33D4D-773E-4A70-8BD2-AC2436873C5A}.Release|Any CPU.Build.0 = Release|Any CPU
		{274201D6-7529-4420-80FC-D51ADEBA78A7}.Debug|Any CPU.ActiveCfg = Debug|Any CPU
		{274201D6-7529-4420-80FC-D51ADEBA78A7}.Debug|Any CPU.Build.0 = Debug|Any CPU
		{274201D6-7529-4420-80FC-D51ADEBA78A7}.Release|Any CPU.ActiveCfg = Release|Any CPU
		{274201D6-7529-4420-80FC-D51ADEBA78A7}.Release|Any CPU.Build.0 = Release|Any CPU
		{C7425EF3-5829-48A2-8B52-F76096AA736F}.Debug|Any CPU.ActiveCfg = Debug|Any CPU
		{C7425EF3-5829-48A2-8B52-F76096AA736F}.Debug|Any CPU.Build.0 = Debug|Any CPU
		{C7425EF3-5829-48A2-8B52-F76096AA736F}.Release|Any CPU.ActiveCfg = Release|Any CPU
		{C7425EF3-5829-48A2-8B52-F76096AA736F}.Release|Any CPU.Build.0 = Release|Any CPU
		{51585450-9766-4B7C-8D81-9AA9E50FCC47}.Debug|Any CPU.ActiveCfg = Debug|Any CPU
		{51585450-9766-4B7C-8D81-9AA9E50FCC47}.Debug|Any CPU.Build.0 = Debug|Any CPU
		{51585450-9766-4B7C-8D81-9AA9E50FCC47}.Release|Any CPU.ActiveCfg = Release|Any CPU
		{51585450-9766-4B7C-8D81-9AA9E50FCC47}.Release|Any CPU.Build.0 = Release|Any CPU
		{5C28B014-9AFE-4446-AD2E-5F8EC7D5347D}.Debug|Any CPU.ActiveCfg = Debug|Any CPU
		{5C28B014-9AFE-4446-AD2E-5F8EC7D5347D}.Debug|Any CPU.Build.0 = Debug|Any CPU
		{5C28B014-9AFE-4446-AD2E-5F8EC7D5347D}.Release|Any CPU.ActiveCfg = Release|Any CPU
		{5C28B014-9AFE-4446-AD2E-5F8EC7D5347D}.Release|Any CPU.Build.0 = Release|Any CPU
		{24BA76D2-C455-4C05-9644-BBAEEE089414}.Debug|Any CPU.ActiveCfg = Debug|Any CPU
		{24BA76D2-C455-4C05-9644-BBAEEE089414}.Debug|Any CPU.Build.0 = Debug|Any CPU
		{24BA76D2-C455-4C05-9644-BBAEEE089414}.Release|Any CPU.ActiveCfg = Release|Any CPU
		{24BA76D2-C455-4C05-9644-BBAEEE089414}.Release|Any CPU.Build.0 = Release|Any CPU
		{2C9209AC-66EB-4476-9A2D-8D2A2A497A1F}.Debug|Any CPU.ActiveCfg = Debug|Any CPU
		{2C9209AC-66EB-4476-9A2D-8D2A2A497A1F}.Debug|Any CPU.Build.0 = Debug|Any CPU
		{2C9209AC-66EB-4476-9A2D-8D2A2A497A1F}.Release|Any CPU.ActiveCfg = Release|Any CPU
		{2C9209AC-66EB-4476-9A2D-8D2A2A497A1F}.Release|Any CPU.Build.0 = Release|Any CPU
	EndGlobalSection
EndGlobal
